
Microsoft Visual Studio Solution File, Format Version 12.00
# Visual Studio Version 16
VisualStudioVersion = 16.0.30611.23
MinimumVisualStudioVersion = 10.0.40219.1
Project("{FAE04EC0-301F-11D3-BF4B-00C04F79EFBC}") = "Hw002", "Hw002\Hw002.csproj", "{7065B439-F1C0-41BA-A96A-A43C1242A759}"
EndProject
Global
	GlobalSection(SolutionConfigurationPlatforms) = preSolution
		Debug|Any CPU = Debug|Any CPU
		Release|Any CPU = Release|Any CPU
	EndGlobalSection
	GlobalSection(ProjectConfigurationPlatforms) = postSolution
		{7065B439-F1C0-41BA-A96A-A43C1242A759}.Debug|Any CPU.ActiveCfg = Debug|Any CPU
		{7065B439-F1C0-41BA-A96A-A43C1242A759}.Debug|Any CPU.Build.0 = Debug|Any CPU
		{7065B439-F1C0-41BA-A96A-A43C1242A759}.Release|Any CPU.ActiveCfg = Release|Any CPU
		{7065B439-F1C0-41BA-A96A-A43C1242A759}.Release|Any CPU.Build.0 = Release|Any CPU
	EndGlobalSection
	GlobalSection(SolutionProperties) = preSolution
		HideSolutionNode = FALSE
	EndGlobalSection
	GlobalSection(ExtensibilityGlobals) = postSolution
		SolutionGuid = {F396FDB8-359F-46FA-8062-1F0BDE9C1959}
	EndGlobalSection
EndGlobal
